
Microsoft Visual Studio Solution File, Format Version 12.00
# Visual Studio 14
VisualStudioVersion = 14.0.23107.0
MinimumVisualStudioVersion = 10.0.40219.1
Project("{FAE04EC0-301F-11D3-BF4B-00C04F79EFBC}") = "Web", "Web\Web.csproj", "{83C4AC2A-4254-46BC-97F4-16533C5D5B7A}"
EndProject
Project("{FAE04EC0-301F-11D3-BF4B-00C04F79EFBC}") = "Tests", "Tests\Tests.csproj", "{0C741014-DE22-42F1-95C1-B15469D24F0D}"
EndProject
Project("{FAE04EC0-301F-11D3-BF4B-00C04F79EFBC}") = "Common", "Common\Common.csproj", "{7BEE19C0-ACA5-400C-9B88-6E84CB32DB13}"
EndProject
Global
	GlobalSection(SolutionConfigurationPlatforms) = preSolution
		Debug|Any CPU = Debug|Any CPU
		Release|Any CPU = Release|Any CPU
	EndGlobalSection
	GlobalSection(ProjectConfigurationPlatforms) = postSolution
		{83C4AC2A-4254-46BC-97F4-16533C5D5B7A}.Debug|Any CPU.ActiveCfg = Debug|Any CPU
		{83C4AC2A-4254-46BC-97F4-16533C5D5B7A}.Debug|Any CPU.Build.0 = Debug|Any CPU
		{83C4AC2A-4254-46BC-97F4-16533C5D5B7A}.Release|Any CPU.ActiveCfg = Release|Any CPU
		{83C4AC2A-4254-46BC-97F4-16533C5D5B7A}.Release|Any CPU.Build.0 = Release|Any CPU
		{0C741014-DE22-42F1-95C1-B15469D24F0D}.Debug|Any CPU.ActiveCfg = Debug|Any CPU
		{0C741014-DE22-42F1-95C1-B15469D24F0D}.Debug|Any CPU.Build.0 = Debug|Any CPU
		{0C741014-DE22-42F1-95C1-B15469D24F0D}.Release|Any CPU.ActiveCfg = Release|Any CPU
		{0C741014-DE22-42F1-95C1-B15469D24F0D}.Release|Any CPU.Build.0 = Release|Any CPU
		{7BEE19C0-ACA5-400C-9B88-6E84CB32DB13}.Debug|Any CPU.ActiveCfg = Debug|Any CPU
		{7BEE19C0-ACA5-400C-9B88-6E84CB32DB13}.Debug|Any CPU.Build.0 = Debug|Any CPU
		{7BEE19C0-ACA5-400C-9B88-6E84CB32DB13}.Release|Any CPU.ActiveCfg = Release|Any CPU
		{7BEE19C0-ACA5-400C-9B88-6E84CB32DB13}.Release|Any CPU.Build.0 = Release|Any CPU
	EndGlobalSection
	GlobalSection(SolutionProperties) = preSolution
		HideSolutionNode = FALSE
	EndGlobalSection
EndGlobal
